
Microsoft Visual Studio Solution File, Format Version 12.00
# Visual Studio 15
VisualStudioVersion = 15.0.28010.2016
MinimumVisualStudioVersion = 10.0.40219.1
Project("{FAE04EC0-301F-11D3-BF4B-00C04F79EFBC}") = "SA47_Team9B_UIDesignTemplate", "SA47_Team9B_UIDesignTemplate\SA47_Team9B_UIDesignTemplate.csproj", "{DE20A630-348F-4A5D-8CE9-60AFC5CD51A6}"
EndProject
Global
	GlobalSection(SolutionConfigurationPlatforms) = preSolution
		Debug|Any CPU = Debug|Any CPU
		Release|Any CPU = Release|Any CPU
	EndGlobalSection
	GlobalSection(ProjectConfigurationPlatforms) = postSolution
		{DE20A630-348F-4A5D-8CE9-60AFC5CD51A6}.Debug|Any CPU.ActiveCfg = Debug|Any CPU
		{DE20A630-348F-4A5D-8CE9-60AFC5CD51A6}.Debug|Any CPU.Build.0 = Debug|Any CPU
		{DE20A630-348F-4A5D-8CE9-60AFC5CD51A6}.Release|Any CPU.ActiveCfg = Release|Any CPU
		{DE20A630-348F-4A5D-8CE9-60AFC5CD51A6}.Release|Any CPU.Build.0 = Release|Any CPU
	EndGlobalSection
	GlobalSection(SolutionProperties) = preSolution
		HideSolutionNode = FALSE
	EndGlobalSection
	GlobalSection(ExtensibilityGlobals) = postSolution
		SolutionGuid = {D5344422-F2D9-4A38-8804-5CECCD75E34B}
	EndGlobalSection
EndGlobal
